
Microsoft Visual Studio Solution File, Format Version 12.00
# Visual Studio Version 17
VisualStudioVersion = 17.9.34714.143
MinimumVisualStudioVersion = 10.0.40219.1
Project("{FAE04EC0-301F-11D3-BF4B-00C04F79EFBC}") = "Loops_BarnettLandon", "Loops_BarnettLandon\Loops_BarnettLandon.csproj", "{4CAD6E67-8435-42B3-9210-A466B9FAD1CB}"
EndProject
Global
	GlobalSection(SolutionConfigurationPlatforms) = preSolution
		Debug|Any CPU = Debug|Any CPU
		Release|Any CPU = Release|Any CPU
	EndGlobalSection
	GlobalSection(ProjectConfigurationPlatforms) = postSolution
		{4CAD6E67-8435-42B3-9210-A466B9FAD1CB}.Debug|Any CPU.ActiveCfg = Debug|Any CPU
		{4CAD6E67-8435-42B3-9210-A466B9FAD1CB}.Debug|Any CPU.Build.0 = Debug|Any CPU
		{4CAD6E67-8435-42B3-9210-A466B9FAD1CB}.Release|Any CPU.ActiveCfg = Release|Any CPU
		{4CAD6E67-8435-42B3-9210-A466B9FAD1CB}.Release|Any CPU.Build.0 = Release|Any CPU
	EndGlobalSection
	GlobalSection(SolutionProperties) = preSolution
		HideSolutionNode = FALSE
	EndGlobalSection
	GlobalSection(ExtensibilityGlobals) = postSolution
		SolutionGuid = {88320FD8-4FE3-4EE3-81D6-867CA808620F}
	EndGlobalSection
EndGlobal
